
Microsoft Visual Studio Solution File, Format Version 12.00
# Visual Studio Version 17
VisualStudioVersion = 17.8.34330.188
MinimumVisualStudioVersion = 10.0.40219.1
Project("{9A19103F-16F7-4668-BE54-9A1E7A4F7556}") = "TinyGarage.Api", "TinyGarage.Api\TinyGarage.Api.csproj", "{1DA966C5-82B9-40C9-808A-9BD6F6A77758}"
EndProject
Project("{2150E333-8FDC-42A3-9474-1A3956D46DE8}") = "Solution Items", "Solution Items", "{84250A06-8074-4D58-9A21-213AF7C0B63F}"
	ProjectSection(SolutionItems) = preProject
		.editorconfig = .editorconfig
		.gitignore = .gitignore
	EndProjectSection
EndProject
Project("{9A19103F-16F7-4668-BE54-9A1E7A4F7556}") = "TinyGarage.Web", "TinyGarage.Web\TinyGarage.Web.csproj", "{C45C2A1D-E068-4185-9315-71537E8C246E}"
	ProjectSection(ProjectDependencies) = postProject
		{1DA966C5-82B9-40C9-808A-9BD6F6A77758} = {1DA966C5-82B9-40C9-808A-9BD6F6A77758}
	EndProjectSection
EndProject
Project("{FAE04EC0-301F-11D3-BF4B-00C04F79EFBC}") = "TinyGarage.Models", "TinyGarage.Models\TinyGarage.Models.csproj", "{EF0B7B4E-BE7A-44AA-8500-B7319383E5D2}"
EndProject
Global
	GlobalSection(SolutionConfigurationPlatforms) = preSolution
		Debug|Any CPU = Debug|Any CPU
		Release|Any CPU = Release|Any CPU
	EndGlobalSection
	GlobalSection(ProjectConfigurationPlatforms) = postSolution
		{1DA966C5-82B9-40C9-808A-9BD6F6A77758}.Debug|Any CPU.ActiveCfg = Debug|Any CPU
		{1DA966C5-82B9-40C9-808A-9BD6F6A77758}.Debug|Any CPU.Build.0 = Debug|Any CPU
		{1DA966C5-82B9-40C9-808A-9BD6F6A77758}.Release|Any CPU.ActiveCfg = Release|Any CPU
		{1DA966C5-82B9-40C9-808A-9BD6F6A77758}.Release|Any CPU.Build.0 = Release|Any CPU
		{C45C2A1D-E068-4185-9315-71537E8C246E}.Debug|Any CPU.ActiveCfg = Debug|Any CPU
		{C45C2A1D-E068-4185-9315-71537E8C246E}.Debug|Any CPU.Build.0 = Debug|Any CPU
		{C45C2A1D-E068-4185-9315-71537E8C246E}.Release|Any CPU.ActiveCfg = Release|Any CPU
		{C45C2A1D-E068-4185-9315-71537E8C246E}.Release|Any CPU.Build.0 = Release|Any CPU
		{EF0B7B4E-BE7A-44AA-8500-B7319383E5D2}.Debug|Any CPU.ActiveCfg = Debug|Any CPU
		{EF0B7B4E-BE7A-44AA-8500-B7319383E5D2}.Debug|Any CPU.Build.0 = Debug|Any CPU
		{EF0B7B4E-BE7A-44AA-8500-B7319383E5D2}.Release|Any CPU.ActiveCfg = Release|Any CPU
		{EF0B7B4E-BE7A-44AA-8500-B7319383E5D2}.Release|Any CPU.Build.0 = Release|Any CPU
	EndGlobalSection
	GlobalSection(SolutionProperties) = preSolution
		HideSolutionNode = FALSE
	EndGlobalSection
	GlobalSection(ExtensibilityGlobals) = postSolution
		SolutionGuid = {023D6709-E9EE-40C7-B22A-9FAABB9EEE0F}
	EndGlobalSection
EndGlobal
